
Microsoft Visual Studio Solution File, Format Version 12.00
# Visual Studio Version 17
VisualStudioVersion = 17.0.31903.59
MinimumVisualStudioVersion = 10.0.40219.1
Project("{FAE04EC0-301F-11D3-BF4B-00C04F79EFBC}") = "StaleSync.Agent", "StaleSync.Agent\StaleSync.Agent.csproj", "{715BA9E0-FB0A-47D5-BC76-7FE95B817B05}"
EndProject
Project("{FAE04EC0-301F-11D3-BF4B-00C04F79EFBC}") = "StaleSync.Manager", "StaleSync.Manager\StaleSync.Manager.csproj", "{80AA2118-928D-4E51-AF8F-90B765112EF6}"
EndProject
Project("{FAE04EC0-301F-11D3-BF4B-00C04F79EFBC}") = "StaleSync.Proto", "StaleSync.Proto\StaleSync.Proto.csproj", "{4BE2BDA8-3BE8-41EF-88B3-ECCC307CB52E}"
EndProject
Global
	GlobalSection(SolutionConfigurationPlatforms) = preSolution
		Debug|Any CPU = Debug|Any CPU
		Release|Any CPU = Release|Any CPU
	EndGlobalSection
	GlobalSection(SolutionProperties) = preSolution
		HideSolutionNode = FALSE
	EndGlobalSection
	GlobalSection(ProjectConfigurationPlatforms) = postSolution
		{715BA9E0-FB0A-47D5-BC76-7FE95B817B05}.Debug|Any CPU.ActiveCfg = Debug|Any CPU
		{715BA9E0-FB0A-47D5-BC76-7FE95B817B05}.Debug|Any CPU.Build.0 = Debug|Any CPU
		{715BA9E0-FB0A-47D5-BC76-7FE95B817B05}.Release|Any CPU.ActiveCfg = Release|Any CPU
		{715BA9E0-FB0A-47D5-BC76-7FE95B817B05}.Release|Any CPU.Build.0 = Release|Any CPU
		{80AA2118-928D-4E51-AF8F-90B765112EF6}.Debug|Any CPU.ActiveCfg = Debug|Any CPU
		{80AA2118-928D-4E51-AF8F-90B765112EF6}.Debug|Any CPU.Build.0 = Debug|Any CPU
		{80AA2118-928D-4E51-AF8F-90B765112EF6}.Release|Any CPU.ActiveCfg = Release|Any CPU
		{80AA2118-928D-4E51-AF8F-90B765112EF6}.Release|Any CPU.Build.0 = Release|Any CPU
		{4BE2BDA8-3BE8-41EF-88B3-ECCC307CB52E}.Debug|Any CPU.ActiveCfg = Debug|Any CPU
		{4BE2BDA8-3BE8-41EF-88B3-ECCC307CB52E}.Debug|Any CPU.Build.0 = Debug|Any CPU
		{4BE2BDA8-3BE8-41EF-88B3-ECCC307CB52E}.Release|Any CPU.ActiveCfg = Release|Any CPU
		{4BE2BDA8-3BE8-41EF-88B3-ECCC307CB52E}.Release|Any CPU.Build.0 = Release|Any CPU
	EndGlobalSection
EndGlobal
